{
  "name": "hubot-gmail-growl",
  "version": "0.1.8",
  "lockfileVersion": 1,
  "requires": true,
  "dependencies": {
    "addressparser": {
      "version": "1.0.1",
      "resolved": "https://registry.npmjs.org/addressparser/-/addressparser-1.0.1.tgz",
      "integrity": "sha1-R6++GiqSYhkdtoOOT9HTm0CCF0Y="
    },
    "encoding": {
      "version": "0.1.12",
      "resolved": "https://registry.npmjs.org/encoding/-/encoding-0.1.12.tgz",
      "integrity": "sha1-U4tm8+5izRq1HsMjgp0flIDHS+s=",
      "requires": {
        "iconv-lite": "0.4.19"
      }
    },
    "iconv-lite": {
      "version": "0.4.19",
      "resolved": "https://registry.npmjs.org/iconv-lite/-/iconv-lite-0.4.19.tgz",
      "integrity": "sha512-oTZqweIP51xaGPI4uPa56/Pri/480R+mo7SeU+YETByQNhDG55ycFyNLIgta9vXhILrxXDmF7ZGhqZIcuN0gJQ=="
    },
    "inbox": {
      "version": "1.1.59",
      "resolved": "https://registry.npmjs.org/inbox/-/inbox-1.1.59.tgz",
      "integrity": "sha1-k09SDe3YhBJ3DCIpS2Kd5NYWbQc=",
      "requires": {
        "mimelib": "0.3.1",
        "utf7": "1.0.2",
        "xoauth2": "1.2.0"
      }
    },
    "lodash": {
      "version": "2.4.2",
      "resolved": "https://registry.npmjs.org/lodash/-/lodash-2.4.2.tgz",
      "integrity": "sha1-+t2DS5aDBz2hebPq5tnA0VBT9z4="
    },
    "mailparser": {
      "version": "0.4.9",
      "resolved": "https://registry.npmjs.org/mailparser/-/mailparser-0.4.9.tgz",
      "integrity": "sha1-HQpI1vqqovCawTmO0CPY746xnis=",
      "requires": {
        "encoding": "0.1.12",
        "mime": "2.0.3",
        "mimelib": "0.3.1",
        "uue": "1.0.0"
      }
    },
    "mime": {
      "version": "2.0.3",
      "resolved": "https://registry.npmjs.org/mime/-/mime-2.0.3.tgz",
      "integrity": "sha512-TrpAd/vX3xaLPDgVRm6JkZwLR0KHfukMdU2wTEbqMDdCnY6Yo3mE+mjs9YE6oMNw2QRfXVeBEYpmpO94BIqiug=="
    },
    "mimelib": {
      "version": "0.3.1",
      "resolved": "https://registry.npmjs.org/mimelib/-/mimelib-0.3.1.tgz",
      "integrity": "sha1-eHrdJBXYJ6yzr27EvKHqlZZBiFM=",
      "requires": {
        "addressparser": "1.0.1",
        "encoding": "0.1.12"
      }
    },
    "node-growl": {
      "version": "0.1.1",
      "resolved": "https://registry.npmjs.org/node-growl/-/node-growl-0.1.1.tgz",
      "integrity": "sha512-wyk8Iz93TofimQOCEpBbvMghAuyOBITnAPA4Hfvug+fOnZBaaydQFFRYkI82ycDgk3O5diK8OhQ24xT8n2DGPg=="
    },
    "semver": {
      "version": "5.3.0",
      "resolved": "https://registry.npmjs.org/semver/-/semver-5.3.0.tgz",
      "integrity": "sha1-myzl094C0XxgEq0yaqa00M9U+U8="
    },
    "utf7": {
      "version": "1.0.2",
      "resolved": "https://registry.npmjs.org/utf7/-/utf7-1.0.2.tgz",
      "integrity": "sha1-lV9JCq5lO6IguUVqCod2wZk2CZE=",
      "requires": {
        "semver": "5.3.0"
      }
    },
    "uue": {
      "version": "1.0.0",
      "resolved": "https://registry.npmjs.org/uue/-/uue-1.0.0.tgz",
      "integrity": "sha1-ITuUSLmLmLnQPK9gGiI1ib2IZDA="
    },
    "xoauth2": {
      "version": "1.2.0",
      "resolved": "https://registry.npmjs.org/xoauth2/-/xoauth2-1.2.0.tgz",
      "integrity": "sha1-8u76wRRyyXHqO8RuVU60sSMhRuU="
    }
  }
}
